// !$*UTF8*$!
{
	archiveVersion = 1;
	classes = {
	};
	objectVersion = 50;
	objects = {

/* Begin PBXBuildFile section */
		F22CCC912330E4480034AAB0 /* AppDelegate.swift in Sources */ = {isa = PBXBuildFile; fileRef = F22CCC902330E4480034AAB0 /* AppDelegate.swift */; };
		F22CCC962330E4480034AAB0 /* Main.storyboard in Resources */ = {isa = PBXBuildFile; fileRef = F22CCC942330E4480034AAB0 /* Main.storyboard */; };
		F22CCC982330E44A0034AAB0 /* Assets.xcassets in Resources */ = {isa = PBXBuildFile; fileRef = F22CCC972330E44A0034AAB0 /* Assets.xcassets */; };
		F22CCC9B2330E44A0034AAB0 /* LaunchScreen.storyboard in Resources */ = {isa = PBXBuildFile; fileRef = F22CCC992330E44A0034AAB0 /* LaunchScreen.storyboard */; };
		F22CCCA32330E4CE0034AAB0 /* RegistrationsTableViewController.swift in Sources */ = {isa = PBXBuildFile; fileRef = F22CCCA22330E4CE0034AAB0 /* RegistrationsTableViewController.swift */; };
		F22CCCA52330F6AB0034AAB0 /* Registration.swift in Sources */ = {isa = PBXBuildFile; fileRef = F22CCCA42330F6AB0034AAB0 /* Registration.swift */; };
		F22CCCA72330F7030034AAB0 /* RoomType.swift in Sources */ = {isa = PBXBuildFile; fileRef = F22CCCA62330F7030034AAB0 /* RoomType.swift */; };
		F22CCCA92330F7920034AAB0 /* SelectRoomTypeTableViewController.swift in Sources */ = {isa = PBXBuildFile; fileRef = F22CCCA82330F7920034AAB0 /* SelectRoomTypeTableViewController.swift */; };
		F22CCCAB2330F9560034AAB0 /* AddRegistrationTableViewController.swift in Sources */ = {isa = PBXBuildFile; fileRef = F22CCCAA2330F9560034AAB0 /* AddRegistrationTableViewController.swift */; };
/* End PBXBuildFile section */

/* Begin PBXFileReference section */
		F22CCC8D2330E4480034AAB0 /* ComplexInputScreensDemo.app */ = {isa = PBXFileReference; explicitFileType = wrapper.application; includeInIndex = 0; path = ComplexInputScreensDemo.app; sourceTree = BUILT_PRODUCTS_DIR; };
		F22CCC902330E4480034AAB0 /* AppDelegate.swift */ = {isa = PBXFileReference; lastKnownFileType = sourcecode.swift; path = AppDelegate.swift; sourceTree = "<group>"; };
		F22CCC952330E4480034AAB0 /* Base */ = {isa = PBXFileReference; lastKnownFileType = file.storyboard; name = Base; path = Base.lproj/Main.storyboard; sourceTree = "<group>"; };
		F22CCC972330E44A0034AAB0 /* Assets.xcassets */ = {isa = PBXFileReference; lastKnownFileType = folder.assetcatalog; path = Assets.xcassets; sourceTree = "<group>"; };
		F22CCC9A2330E44A0034AAB0 /* Base */ = {isa = PBXFileReference; lastKnownFileType = file.storyboard; name = Base; path = Base.lproj/LaunchScreen.storyboard; sourceTree = "<group>"; };
		F22CCC9C2330E44A0034AAB0 /* Info.plist */ = {isa = PBXFileReference; lastKnownFileType = text.plist.xml; path = Info.plist; sourceTree = "<group>"; };
		F22CCCA22330E4CE0034AAB0 /* RegistrationsTableViewController.swift */ = {isa = PBXFileReference; lastKnownFileType = sourcecode.swift; path = RegistrationsTableViewController.swift; sourceTree = "<group>"; };
		F22CCCA42330F6AB0034AAB0 /* Registration.swift */ = {isa = PBXFileReference; lastKnownFileType = sourcecode.swift; path = Registration.swift; sourceTree = "<group>"; };
		F22CCCA62330F7030034AAB0 /* RoomType.swift */ = {isa = PBXFileReference; lastKnownFileType = sourcecode.swift; path = RoomType.swift; sourceTree = "<group>"; };
		F22CCCA82330F7920034AAB0 /* SelectRoomTypeTableViewController.swift */ = {isa = PBXFileReference; lastKnownFileType = sourcecode.swift; path = SelectRoomTypeTableViewController.swift; sourceTree = "<group>"; };
		F22CCCAA2330F9560034AAB0 /* AddRegistrationTableViewController.swift */ = {isa = PBXFileReference; lastKnownFileType = sourcecode.swift; path = AddRegistrationTableViewController.swift; sourceTree = "<group>"; };
/* End PBXFileReference section */

/* Begin PBXFrameworksBuildPhase section */
		F22CCC8A2330E4480034AAB0 /* Frameworks */ = {
			isa = PBXFrameworksBuildPhase;
			buildActionMask = 2147483647;
			files = (
			);
			runOnlyForDeploymentPostprocessing = 0;
		};
/* End PBXFrameworksBuildPhase section */

/* Begin PBXGroup section */
		F22CCC842330E4480034AAB0 = {
			isa = PBXGroup;
			children = (
				F22CCC8F2330E4480034AAB0 /* ComplexInputScreensDemo */,
				F22CCC8E2330E4480034AAB0 /* Products */,
			);
			sourceTree = "<group>";
		};
		F22CCC8E2330E4480034AAB0 /* Products */ = {
			isa = PBXGroup;
			children = (
				F22CCC8D2330E4480034AAB0 /* ComplexInputScreensDemo.app */,
			);
			name = Products;
			sourceTree = "<group>";
		};
		F22CCC8F2330E4480034AAB0 /* ComplexInputScreensDemo */ = {
			isa = PBXGroup;
			children = (
				F22CCC902330E4480034AAB0 /* AppDelegate.swift */,
				F22CCC942330E4480034AAB0 /* Main.storyboard */,
				F22CCC972330E44A0034AAB0 /* Assets.xcassets */,
				F22CCC992330E44A0034AAB0 /* LaunchScreen.storyboard */,
				F22CCC9C2330E44A0034AAB0 /* Info.plist */,
				F22CCCA22330E4CE0034AAB0 /* RegistrationsTableViewController.swift */,
				F22CCCA42330F6AB0034AAB0 /* Registration.swift */,
				F22CCCA62330F7030034AAB0 /* RoomType.swift */,
				F22CCCA82330F7920034AAB0 /* SelectRoomTypeTableViewController.swift */,
				F22CCCAA2330F9560034AAB0 /* AddRegistrationTableViewController.swift */,
			);
			path = ComplexInputScreensDemo;
			sourceTree = "<group>";
		};
/* End PBXGroup section */

/* Begin PBXNativeTarget section */
		F22CCC8C2330E4480034AAB0 /* ComplexInputScreensDemo */ = {
			isa = PBXNativeTarget;
			buildConfigurationList = F22CCC9F2330E44A0034AAB0 /* Build configuration list for PBXNativeTarget "ComplexInputScreensDemo" */;
			buildPhases = (
				F22CCC892330E4480034AAB0 /* Sources */,
				F22CCC8A2330E4480034AAB0 /* Frameworks */,
				F22CCC8B2330E4480034AAB0 /* Resources */,
			);
			buildRules = (
			);
			dependencies = (
			);
			name = ComplexInputScreensDemo;
			productName = ComplexInputScreensDemo;
			productReference = F22CCC8D2330E4480034AAB0 /* ComplexInputScreensDemo.app */;
			productType = "com.apple.product-type.application";
		};
/* End PBXNativeTarget section */

/* Begin PBXProject section */
		F22CCC852330E4480034AAB0 /* Project object */ = {
			isa = PBXProject;
			attributes = {
				LastSwiftUpdateCheck = 1030;
				LastUpgradeCheck = 1030;
				ORGANIZATIONNAME = "Eunae Jang";
				TargetAttributes = {
					F22CCC8C2330E4480034AAB0 = {
						CreatedOnToolsVersion = 10.3;
					};
				};
			};
			buildConfigurationList = F22CCC882330E4480034AAB0 /* Build configuration list for PBXProject "ComplexInputScreensDemo" */;
			compatibilityVersion = "Xcode 9.3";
			developmentRegion = en;
			hasScannedForEncodings = 0;
			knownRegions = (
				en,
				Base,
			);
			mainGroup = F22CCC842330E4480034AAB0;
			productRefGroup = F22CCC8E2330E4480034AAB0 /* Products */;
			projectDirPath = "";
			projectRoot = "";
			targets = (
				F22CCC8C2330E4480034AAB0 /* ComplexInputScreensDemo */,
			);
		};
/* End PBXProject section */

/* Begin PBXResourcesBuildPhase section */
		F22CCC8B2330E4480034AAB0 /* Resources */ = {
			isa = PBXResourcesBuildPhase;
			buildActionMask = 2147483647;
			files = (
				F22CCC9B2330E44A0034AAB0 /* LaunchScreen.storyboard in Resources */,
				F22CCC982330E44A0034AAB0 /* Assets.xcassets in Resources */,
				F22CCC962330E4480034AAB0 /* Main.storyboard in Resources */,
			);
			runOnlyForDeploymentPostprocessing = 0;
		};
/* End PBXResourcesBuildPhase section */

/* Begin PBXSourcesBuildPhase section */
		F22CCC892330E4480034AAB0 /* Sources */ = {
			isa = PBXSourcesBuildPhase;
			buildActionMask = 2147483647;
			files = (
				F22CCCAB2330F9560034AAB0 /* AddRegistrationTableViewController.swift in Sources */,
				F22CCCA72330F7030034AAB0 /* RoomType.swift in Sources */,
				F22CCCA32330E4CE0034AAB0 /* RegistrationsTableViewController.swift in Sources */,
				F22CCCA52330F6AB0034AAB0 /* Registration.swift in Sources */,
				F22CCC912330E4480034AAB0 /* AppDelegate.swift in Sources */,
				F22CCCA92330F7920034AAB0 /* SelectRoomTypeTableViewController.swift in Sources */,
			);
			runOnlyForDeploymentPostprocessing = 0;
		};
/* End PBXSourcesBuildPhase section */

/* Begin PBXVariantGroup section */
		F22CCC942330E4480034AAB0 /* Main.storyboard */ = {
			isa = PBXVariantGroup;
			children = (
				F22CCC952330E4480034AAB0 /* Base */,
			);
			name = Main.storyboard;
			sourceTree = "<group>";
		};
		F22CCC992330E44A0034AAB0 /* LaunchScreen.storyboard */ = {
			isa = PBXVariantGroup;
			children = (
				F22CCC9A2330E44A0034AAB0 /* Base */,
			);
			name = LaunchScreen.storyboard;
			sourceTree = "<group>";
		};
/* End PBXVariantGroup section */

/* Begin XCBuildConfiguration section */
		F22CCC9D2330E44A0034AAB0 /* Debug */ = {
			isa = XCBuildConfiguration;
			buildSettings = {
				ALWAYS_SEARCH_USER_PATHS = NO;
				CLANG_ANALYZER_NONNULL = YES;
				CLANG_ANALYZER_NUMBER_OBJECT_CONVERSION = YES_AGGRESSIVE;
				CLANG_CXX_LANGUAGE_STANDARD = "gnu++14";
				CLANG_CXX_LIBRARY = "libc++";
				CLANG_ENABLE_MODULES = YES;
				CLANG_ENABLE_OBJC_ARC = YES;
				CLANG_ENABLE_OBJC_WEAK = YES;
				CLANG_WARN_BLOCK_CAPTURE_AUTORELEASING = YES;
				CLANG_WARN_BOOL_CONVERSION = YES;
				CLANG_WARN_COMMA = YES;
				CLANG_WARN_CONSTANT_CONVERSION = YES;
				CLANG_WARN_DEPRECATED_OBJC_IMPLEMENTATIONS = YES;
				CLANG_WARN_DIRECT_OBJC_ISA_USAGE = YES_ERROR;
				CLANG_WARN_DOCUMENTATION_COMMENTS = YES;
				CLANG_WARN_EMPTY_BODY = YES;
				CLANG_WARN_ENUM_CONVERSION = YES;
				CLANG_WARN_INFINITE_RECURSION = YES;
				CLANG_WARN_INT_CONVERSION = YES;
				CLANG_WARN_NON_LITERAL_NULL_CONVERSION = YES;
				CLANG_WARN_OBJC_IMPLICIT_RETAIN_SELF = YES;
				CLANG_WARN_OBJC_LITERAL_CONVERSION = YES;
				CLANG_WARN_OBJC_ROOT_CLASS = YES_ERROR;
				CLANG_WARN_RANGE_LOOP_ANALYSIS = YES;
				CLANG_WARN_STRICT_PROTOTYPES = YES;
				CLANG_WARN_SUSPICIOUS_MOVE = YES;
				CLANG_WARN_UNGUARDED_AVAILABILITY = YES_AGGRESSIVE;
				CLANG_WARN_UNREACHABLE_CODE = YES;
				CLANG_WARN__DUPLICATE_METHOD_MATCH = YES;
				CODE_SIGN_IDENTITY = "iPhone Developer";
				COPY_PHASE_STRIP = NO;
				DEBUG_INFORMATION_FORMAT = dwarf;
				ENABLE_STRICT_OBJC_MSGSEND = YES;
				ENABLE_TESTABILITY = YES;
				GCC_C_LANGUAGE_STANDARD = gnu11;
				GCC_DYNAMIC_NO_PIC = NO;
				GCC_NO_COMMON_BLOCKS = YES;
				GCC_OPTIMIZATION_LEVEL = 0;
				GCC_PREPROCESSOR_DEFINITIONS = (
					"DEBUG=1",
					"$(inherited)",
				);
				GCC_WARN_64_TO_32_BIT_CONVERSION = YES;
				GCC_WARN_ABOUT_RETURN_TYPE = YES_ERROR;
				GCC_WARN_UNDECLARED_SELECTOR = YES;
				GCC_WARN_UNINITIALIZED_AUTOS = YES_AGGRESSIVE;
				GCC_WARN_UNUSED_FUNCTION = YES;
				GCC_WARN_UNUSED_VARIABLE = YES;
				IPHONEOS_DEPLOYMENT_TARGET = 12.4;
				MTL_ENABLE_DEBUG_INFO = INCLUDE_SOURCE;
				MTL_FAST_MATH = YES;
				ONLY_ACTIVE_ARCH = YES;
				SDKROOT = iphoneos;
				SWIFT_ACTIVE_COMPILATION_CONDITIONS = DEBUG;
				SWIFT_OPTIMIZATION_LEVEL = "-Onone";
			};
			name = Debug;
		};
		F22CCC9E2330E44A0034AAB0 /* Release */ = {
			isa = XCBuildConfiguration;
			buildSettings = {
				ALWAYS_SEARCH_USER_PATHS = NO;
				CLANG_ANALYZER_NONNULL = YES;
				CLANG_ANALYZER_NUMBER_OBJECT_CONVERSION = YES_AGGRESSIVE;
				CLANG_CXX_LANGUAGE_STANDARD = "gnu++14";
				CLANG_CXX_LIBRARY = "libc++";
				CLANG_ENABLE_MODULES = YES;
				CLANG_ENABLE_OBJC_ARC = YES;
				CLANG_ENABLE_OBJC_WEAK = YES;
				CLANG_WARN_BLOCK_CAPTURE_AUTORELEASING = YES;
				CLANG_WARN_BOOL_CONVERSION = YES;
				CLANG_WARN_COMMA = YES;
				CLANG_WARN_CONSTANT_CONVERSION = YES;
				CLANG_WARN_DEPRECATED_OBJC_IMPLEMENTATIONS = YES;
				CLANG_WARN_DIRECT_OBJC_ISA_USAGE = YES_ERROR;
				CLANG_WARN_DOCUMENTATION_COMMENTS = YES;
				CLANG_WARN_EMPTY_BODY = YES;
				CLANG_WARN_ENUM_CONVERSION = YES;
				CLANG_WARN_INFINITE_RECURSION = YES;
				CLANG_WARN_INT_CONVERSION = YES;
				CLANG_WARN_NON_LITERAL_NULL_CONVERSION = YES;
				CLANG_WARN_OBJC_IMPLICIT_RETAIN_SELF = YES;
				CLANG_WARN_OBJC_LITERAL_CONVERSION = YES;
				CLANG_WARN_OBJC_ROOT_CLASS = YES_ERROR;
				CLANG_WARN_RANGE_LOOP_ANALYSIS = YES;
				CLANG_WARN_STRICT_PROTOTYPES = YES;
				CLANG_WARN_SUSPICIOUS_MOVE = YES;
				CLANG_WARN_UNGUARDED_AVAILABILITY = YES_AGGRESSIVE;
				CLANG_WARN_UNREACHABLE_CODE = YES;
				CLANG_WARN__DUPLICATE_METHOD_MATCH = YES;
				CODE_SIGN_IDENTITY = "iPhone Developer";
				COPY_PHASE_STRIP = NO;
				DEBUG_INFORMATION_FORMAT = "dwarf-with-dsym";
				ENABLE_NS_ASSERTIONS = NO;
				ENABLE_STRICT_OBJC_MSGSEND = YES;
				GCC_C_LANGUAGE_STANDARD = gnu11;
				GCC_NO_COMMON_BLOCKS = YES;
				GCC_WARN_64_TO_32_BIT_CONVERSION = YES;
				GCC_WARN_ABOUT_RETURN_TYPE = YES_ERROR;
				GCC_WARN_UNDECLARED_SELECTOR = YES;
				GCC_WARN_UNINITIALIZED_AUTOS = YES_AGGRESSIVE;
				GCC_WARN_UNUSED_FUNCTION = YES;
				GCC_WARN_UNUSED_VARIABLE = YES;
				IPHONEOS_DEPLOYMENT_TARGET = 12.4;
				MTL_ENABLE_DEBUG_INFO = NO;
				MTL_FAST_MATH = YES;
				SDKROOT = iphoneos;
				SWIFT_COMPILATION_MODE = wholemodule;
				SWIFT_OPTIMIZATION_LEVEL = "-O";
				VALIDATE_PRODUCT = YES;
			};
			name = Release;
		};
		F22CCCA02330E44A0034AAB0 /* Debug */ = {
			isa = XCBuildConfiguration;
			buildSettings = {
				ASSETCATALOG_COMPILER_APPICON_NAME = AppIcon;
				CODE_SIGN_STYLE = Automatic;
				DEVELOPMENT_TEAM = V6FHC84522;
				INFOPLIST_FILE = ComplexInputScreensDemo/Info.plist;
				LD_RUNPATH_SEARCH_PATHS = (
					"$(inherited)",
					"@executable_path/Frameworks",
				);
				PRODUCT_BUNDLE_IDENTIFIER = com.rwth.hci.ComplexInputScreensDemo;
				PRODUCT_NAME = "$(TARGET_NAME)";
				SWIFT_VERSION = 5.0;
				TARGETED_DEVICE_FAMILY = "1,2";
			};
			name = Debug;
		};
		F22CCCA12330E44A0034AAB0 /* Release */ = {
			isa = XCBuildConfiguration;
			buildSettings = {
				ASSETCATALOG_COMPILER_APPICON_NAME = AppIcon;
				CODE_SIGN_STYLE = Automatic;
				DEVELOPMENT_TEAM = V6FHC84522;
				INFOPLIST_FILE = ComplexInputScreensDemo/Info.plist;
				LD_RUNPATH_SEARCH_PATHS = (
					"$(inherited)",
					"@executable_path/Frameworks",
				);
				PRODUCT_BUNDLE_IDENTIFIER = com.rwth.hci.ComplexInputScreensDemo;
				PRODUCT_NAME = "$(TARGET_NAME)";
				SWIFT_VERSION = 5.0;
				TARGETED_DEVICE_FAMILY = "1,2";
			};
			name = Release;
		};
/* End XCBuildConfiguration section */

/* Begin XCConfigurationList section */
		F22CCC882330E4480034AAB0 /* Build configuration list for PBXProject "ComplexInputScreensDemo" */ = {
			isa = XCConfigurationList;
			buildConfigurations = (
				F22CCC9D2330E44A0034AAB0 /* Debug */,
				F22CCC9E2330E44A0034AAB0 /* Release */,
			);
			defaultConfigurationIsVisible = 0;
			defaultConfigurationName = Release;
		};
		F22CCC9F2330E44A0034AAB0 /* Build configuration list for PBXNativeTarget "ComplexInputScreensDemo" */ = {
			isa = XCConfigurationList;
			buildConfigurations = (
				F22CCCA02330E44A0034AAB0 /* Debug */,
				F22CCCA12330E44A0034AAB0 /* Release */,
			);
			defaultConfigurationIsVisible = 0;
			defaultConfigurationName = Release;
		};
/* End XCConfigurationList section */
	};
	rootObject = F22CCC852330E4480034AAB0 /* Project object */;
}
